{
  "nodes": {
    "nixpkgs": {
      "locked": {
        "lastModified": 1752950548,
        "narHash": "sha256-NS6BLD0lxOrnCiEOcvQCDVPXafX1/ek1dfJHX1nUIzc=",
        "rev": "c87b95e25065c028d31a94f06a62927d18763fdf",
        "revCount": 832220,
        "type": "tarball",
        "url": "https://api.flakehub.com/f/pinned/NixOS/nixpkgs/0.1.832220%2Brev-c87b95e25065c028d31a94f06a62927d18763fdf/019828eb-3d8e-78ea-90c9-36ea34c3d9be/source.tar.gz"
      },
      "original": {
        "type": "tarball",
        "url": "https://flakehub.com/f/NixOS/nixpkgs/0.1.%2A.tar.gz"
      }
    },
    "root": {
      "inputs": {
        "nixpkgs": "nixpkgs",
        "rust-overlay": "rust-overlay"
      }
    },
    "rust-overlay": {
      "inputs": {
        "nixpkgs": [
          "nixpkgs"
        ]
      },
      "locked": {
        "lastModified": 1753156081,
        "narHash": "sha256-N+8LM+zvS6cP+VG2vxgEEDCyX1T9EUq9wXTSvGwX9TM=",
        "owner": "oxalica",
        "repo": "rust-overlay",
        "rev": "8610c0f3801fc8dec7eb4b79c95fb39d16f38a80",
        "type": "github"
      },
      "original": {
        "owner": "oxalica",
        "repo": "rust-overlay",
        "type": "github"
      }
    }
  },
  "root": "root",
  "version": 7
}
